
Microsoft Visual Studio Solution File, Format Version 12.00
# Visual Studio Version 16
VisualStudioVersion = 16.0.30709.132
MinimumVisualStudioVersion = 10.0.40219.1
Project("{FAE04EC0-301F-11D3-BF4B-00C04F79EFBC}") = "AppointmentScheduling", "AppointmentScheduling.csproj", "{CD398D6B-CEFB-41D1-9BE7-6EA8D766EC87}"
EndProject
Global
	GlobalSection(SolutionConfigurationPlatforms) = preSolution
		Debug|Any CPU = Debug|Any CPU
		Release|Any CPU = Release|Any CPU
	EndGlobalSection
	GlobalSection(ProjectConfigurationPlatforms) = postSolution
		{CD398D6B-CEFB-41D1-9BE7-6EA8D766EC87}.Debug|Any CPU.ActiveCfg = Debug|Any CPU
		{CD398D6B-CEFB-41D1-9BE7-6EA8D766EC87}.Debug|Any CPU.Build.0 = Debug|Any CPU
		{CD398D6B-CEFB-41D1-9BE7-6EA8D766EC87}.Release|Any CPU.ActiveCfg = Release|Any CPU
		{CD398D6B-CEFB-41D1-9BE7-6EA8D766EC87}.Release|Any CPU.Build.0 = Release|Any CPU
	EndGlobalSection
	GlobalSection(SolutionProperties) = preSolution
		HideSolutionNode = FALSE
	EndGlobalSection
	GlobalSection(ExtensibilityGlobals) = postSolution
		SolutionGuid = {CCA80993-CE1B-45DA-865D-DC2A0BDBD059}
	EndGlobalSection
EndGlobal
